
Microsoft Visual Studio Solution File, Format Version 12.00
# Visual Studio 2013
VisualStudioVersion = 12.0.30110.0
MinimumVisualStudioVersion = 10.0.40219.1
Project("{FAE04EC0-301F-11D3-BF4B-00C04F79EFBC}") = "Strike.IE", "Strike.IE\Strike.IE.csproj", "{5CB5AA52-843C-454A-BD57-A1B40DFB2E22}"
EndProject
Project("{FAE04EC0-301F-11D3-BF4B-00C04F79EFBC}") = "PerfTests", "PerfTests\PerfTests.csproj", "{3009FA17-AFFE-4A9B-9222-325852EFD794}"
EndProject
Project("{FAE04EC0-301F-11D3-BF4B-00C04F79EFBC}") = "Common", "Common\Common.csproj", "{A107FE4B-56D5-4BE7-95F5-47667F29288C}"
EndProject
Project("{FAE04EC0-301F-11D3-BF4B-00C04F79EFBC}") = "Strike.V8", "Strike.V8\Strike.V8.csproj", "{041D857E-D540-40CA-B50B-9E90B5B1F574}"
EndProject
Project("{FAE04EC0-301F-11D3-BF4B-00C04F79EFBC}") = "Strike.IE.Merged", "Strike.IE.Merged\Strike.IE.Merged.csproj", "{458D4F5C-83DA-4883-BA9E-9289F4A4526C}"
EndProject
Global
	GlobalSection(SolutionConfigurationPlatforms) = preSolution
		Debug|Any CPU = Debug|Any CPU
		Deployable|Any CPU = Deployable|Any CPU
		Release|Any CPU = Release|Any CPU
	EndGlobalSection
	GlobalSection(ProjectConfigurationPlatforms) = postSolution
		{5CB5AA52-843C-454A-BD57-A1B40DFB2E22}.Debug|Any CPU.ActiveCfg = Debug|Any CPU
		{5CB5AA52-843C-454A-BD57-A1B40DFB2E22}.Debug|Any CPU.Build.0 = Debug|Any CPU
		{5CB5AA52-843C-454A-BD57-A1B40DFB2E22}.Deployable|Any CPU.ActiveCfg = Deployable|Any CPU
		{5CB5AA52-843C-454A-BD57-A1B40DFB2E22}.Deployable|Any CPU.Build.0 = Deployable|Any CPU
		{5CB5AA52-843C-454A-BD57-A1B40DFB2E22}.Release|Any CPU.ActiveCfg = Release|Any CPU
		{5CB5AA52-843C-454A-BD57-A1B40DFB2E22}.Release|Any CPU.Build.0 = Release|Any CPU
		{3009FA17-AFFE-4A9B-9222-325852EFD794}.Debug|Any CPU.ActiveCfg = Debug|Any CPU
		{3009FA17-AFFE-4A9B-9222-325852EFD794}.Debug|Any CPU.Build.0 = Debug|Any CPU
		{3009FA17-AFFE-4A9B-9222-325852EFD794}.Deployable|Any CPU.ActiveCfg = Debug|Any CPU
		{3009FA17-AFFE-4A9B-9222-325852EFD794}.Deployable|Any CPU.Build.0 = Debug|Any CPU
		{3009FA17-AFFE-4A9B-9222-325852EFD794}.Release|Any CPU.ActiveCfg = Release|Any CPU
		{3009FA17-AFFE-4A9B-9222-325852EFD794}.Release|Any CPU.Build.0 = Release|Any CPU
		{A107FE4B-56D5-4BE7-95F5-47667F29288C}.Debug|Any CPU.ActiveCfg = Debug|Any CPU
		{A107FE4B-56D5-4BE7-95F5-47667F29288C}.Debug|Any CPU.Build.0 = Debug|Any CPU
		{A107FE4B-56D5-4BE7-95F5-47667F29288C}.Deployable|Any CPU.ActiveCfg = Debug|Any CPU
		{A107FE4B-56D5-4BE7-95F5-47667F29288C}.Deployable|Any CPU.Build.0 = Debug|Any CPU
		{A107FE4B-56D5-4BE7-95F5-47667F29288C}.Release|Any CPU.ActiveCfg = Release|Any CPU
		{A107FE4B-56D5-4BE7-95F5-47667F29288C}.Release|Any CPU.Build.0 = Release|Any CPU
		{041D857E-D540-40CA-B50B-9E90B5B1F574}.Debug|Any CPU.ActiveCfg = Debug|Any CPU
		{041D857E-D540-40CA-B50B-9E90B5B1F574}.Debug|Any CPU.Build.0 = Debug|Any CPU
		{041D857E-D540-40CA-B50B-9E90B5B1F574}.Deployable|Any CPU.ActiveCfg = Deployable|Any CPU
		{041D857E-D540-40CA-B50B-9E90B5B1F574}.Deployable|Any CPU.Build.0 = Deployable|Any CPU
		{041D857E-D540-40CA-B50B-9E90B5B1F574}.Release|Any CPU.ActiveCfg = Release|Any CPU
		{041D857E-D540-40CA-B50B-9E90B5B1F574}.Release|Any CPU.Build.0 = Release|Any CPU
		{458D4F5C-83DA-4883-BA9E-9289F4A4526C}.Debug|Any CPU.ActiveCfg = Debug|Any CPU
		{458D4F5C-83DA-4883-BA9E-9289F4A4526C}.Debug|Any CPU.Build.0 = Debug|Any CPU
		{458D4F5C-83DA-4883-BA9E-9289F4A4526C}.Deployable|Any CPU.ActiveCfg = Deployable|Any CPU
		{458D4F5C-83DA-4883-BA9E-9289F4A4526C}.Deployable|Any CPU.Build.0 = Deployable|Any CPU
		{458D4F5C-83DA-4883-BA9E-9289F4A4526C}.Release|Any CPU.ActiveCfg = Release|Any CPU
		{458D4F5C-83DA-4883-BA9E-9289F4A4526C}.Release|Any CPU.Build.0 = Release|Any CPU
	EndGlobalSection
	GlobalSection(SolutionProperties) = preSolution
		HideSolutionNode = FALSE
	EndGlobalSection
EndGlobal
